
Microsoft Visual Studio Solution File, Format Version 12.00
# Visual Studio Version 17
VisualStudioVersion = 17.10.35013.160
MinimumVisualStudioVersion = 10.0.40219.1
Project("{FAE04EC0-301F-11D3-BF4B-00C04F79EFBC}") = "CatanClient", "CatanClient.csproj", "{E27CA3A1-4E79-4B2D-84AB-CE18206FF66F}"
EndProject
Project("{FAE04EC0-301F-11D3-BF4B-00C04F79EFBC}") = "CatanClient.Tests", "..\CatanClient.Tests\CatanClient.Tests.csproj", "{8C314678-78B9-49D9-BB5A-176A825143A9}"
EndProject
Global
	GlobalSection(SolutionConfigurationPlatforms) = preSolution
		Debug|Any CPU = Debug|Any CPU
		Release|Any CPU = Release|Any CPU
	EndGlobalSection
	GlobalSection(ProjectConfigurationPlatforms) = postSolution
		{E27CA3A1-4E79-4B2D-84AB-CE18206FF66F}.Debug|Any CPU.ActiveCfg = Debug|Any CPU
		{E27CA3A1-4E79-4B2D-84AB-CE18206FF66F}.Debug|Any CPU.Build.0 = Debug|Any CPU
		{E27CA3A1-4E79-4B2D-84AB-CE18206FF66F}.Release|Any CPU.ActiveCfg = Release|Any CPU
		{E27CA3A1-4E79-4B2D-84AB-CE18206FF66F}.Release|Any CPU.Build.0 = Release|Any CPU
		{8C314678-78B9-49D9-BB5A-176A825143A9}.Debug|Any CPU.ActiveCfg = Debug|Any CPU
		{8C314678-78B9-49D9-BB5A-176A825143A9}.Debug|Any CPU.Build.0 = Debug|Any CPU
		{8C314678-78B9-49D9-BB5A-176A825143A9}.Release|Any CPU.ActiveCfg = Release|Any CPU
		{8C314678-78B9-49D9-BB5A-176A825143A9}.Release|Any CPU.Build.0 = Release|Any CPU
	EndGlobalSection
	GlobalSection(SolutionProperties) = preSolution
		HideSolutionNode = FALSE
	EndGlobalSection
	GlobalSection(ExtensibilityGlobals) = postSolution
		SolutionGuid = {C875B875-F789-4BE4-BF3D-54057C779425}
	EndGlobalSection
EndGlobal
